
Microsoft Visual Studio Solution File, Format Version 12.00
# Visual Studio Version 16
VisualStudioVersion = 16.0.32106.194
MinimumVisualStudioVersion = 10.0.40219.1
Project("{FAE04EC0-301F-11D3-BF4B-00C04F79EFBC}") = "Antidrones", "WebApplication5\Antidrones.csproj", "{D966D860-D170-42E4-BD4A-747D0C876454}"
EndProject
Global
	GlobalSection(SolutionConfigurationPlatforms) = preSolution
		Debug|Any CPU = Debug|Any CPU
		Release|Any CPU = Release|Any CPU
	EndGlobalSection
	GlobalSection(ProjectConfigurationPlatforms) = postSolution
		{D966D860-D170-42E4-BD4A-747D0C876454}.Debug|Any CPU.ActiveCfg = Debug|Any CPU
		{D966D860-D170-42E4-BD4A-747D0C876454}.Debug|Any CPU.Build.0 = Debug|Any CPU
		{D966D860-D170-42E4-BD4A-747D0C876454}.Release|Any CPU.ActiveCfg = Release|Any CPU
		{D966D860-D170-42E4-BD4A-747D0C876454}.Release|Any CPU.Build.0 = Release|Any CPU
	EndGlobalSection
	GlobalSection(SolutionProperties) = preSolution
		HideSolutionNode = FALSE
	EndGlobalSection
	GlobalSection(ExtensibilityGlobals) = postSolution
		SolutionGuid = {4FDAF6F0-05C7-4120-9464-B8D468DA9D41}
	EndGlobalSection
EndGlobal
